
Microsoft Visual Studio Solution File, Format Version 12.00
# Visual Studio Version 17
VisualStudioVersion = 17.1.32421.90
MinimumVisualStudioVersion = 10.0.40219.1
Project("{FAE04EC0-301F-11D3-BF4B-00C04F79EFBC}") = "GnutellaQuickHack", "GnutellaQuickHack.csproj", "{AC1D62EC-D238-446E-9E9F-D040443C9D00}"
EndProject
Global
	GlobalSection(SolutionConfigurationPlatforms) = preSolution
		Debug|Any CPU = Debug|Any CPU
		Release|Any CPU = Release|Any CPU
	EndGlobalSection
	GlobalSection(ProjectConfigurationPlatforms) = postSolution
		{AC1D62EC-D238-446E-9E9F-D040443C9D00}.Debug|Any CPU.ActiveCfg = Debug|Any CPU
		{AC1D62EC-D238-446E-9E9F-D040443C9D00}.Debug|Any CPU.Build.0 = Debug|Any CPU
		{AC1D62EC-D238-446E-9E9F-D040443C9D00}.Release|Any CPU.ActiveCfg = Release|Any CPU
		{AC1D62EC-D238-446E-9E9F-D040443C9D00}.Release|Any CPU.Build.0 = Release|Any CPU
	EndGlobalSection
	GlobalSection(SolutionProperties) = preSolution
		HideSolutionNode = FALSE
	EndGlobalSection
	GlobalSection(ExtensibilityGlobals) = postSolution
		SolutionGuid = {16599D3F-E7E4-40F2-9734-775EF43DD83E}
	EndGlobalSection
EndGlobal
